
Microsoft Visual Studio Solution File, Format Version 12.00
# Visual Studio Version 16
VisualStudioVersion = 16.0.33423.256
MinimumVisualStudioVersion = 10.0.40219.1
Project("{FAE04EC0-301F-11D3-BF4B-00C04F79EFBC}") = "LuckyNumber", "LuckyNumber.csproj", "{679BE8AF-AEBA-4688-BC30-60667688BE0B}"
EndProject
Project("{2150E333-8FDC-42A3-9474-1A3956D46DE8}") = "Solution Items", "Solution Items", "{D8813E70-3644-47D7-BB03-17CAD349A665}"
	ProjectSection(SolutionItems) = preProject
		.editorconfig = .editorconfig
	EndProjectSection
EndProject
Global
	GlobalSection(SolutionConfigurationPlatforms) = preSolution
		Debug|Any CPU = Debug|Any CPU
		Release|Any CPU = Release|Any CPU
	EndGlobalSection
	GlobalSection(ProjectConfigurationPlatforms) = postSolution
		{679BE8AF-AEBA-4688-BC30-60667688BE0B}.Debug|Any CPU.ActiveCfg = Debug|Any CPU
		{679BE8AF-AEBA-4688-BC30-60667688BE0B}.Debug|Any CPU.Build.0 = Debug|Any CPU
		{679BE8AF-AEBA-4688-BC30-60667688BE0B}.Debug|Any CPU.Deploy.0 = Debug|Any CPU
		{679BE8AF-AEBA-4688-BC30-60667688BE0B}.Release|Any CPU.ActiveCfg = Release|Any CPU
		{679BE8AF-AEBA-4688-BC30-60667688BE0B}.Release|Any CPU.Build.0 = Release|Any CPU
		{679BE8AF-AEBA-4688-BC30-60667688BE0B}.Release|Any CPU.Deploy.0 = Release|Any CPU
	EndGlobalSection
	GlobalSection(SolutionProperties) = preSolution
		HideSolutionNode = FALSE
	EndGlobalSection
	GlobalSection(ExtensibilityGlobals) = postSolution
		SolutionGuid = {F28476E0-8952-4611-BC90-BEFE8C4EC114}
	EndGlobalSection
EndGlobal
